
Microsoft Visual Studio Solution File, Format Version 12.00
# Visual Studio Version 16
VisualStudioVersion = 16.0.32002.261
MinimumVisualStudioVersion = 10.0.40219.1
Project("{FAE04EC0-301F-11D3-BF4B-00C04F79EFBC}") = "Font Adjustment", "Font Adjustment\Font Adjustment.csproj", "{4E761DEF-326D-4453-8D71-9F015D06A758}"
EndProject
Global
	GlobalSection(SolutionConfigurationPlatforms) = preSolution
		Debug|Any CPU = Debug|Any CPU
		Release|Any CPU = Release|Any CPU
	EndGlobalSection
	GlobalSection(ProjectConfigurationPlatforms) = postSolution
		{4E761DEF-326D-4453-8D71-9F015D06A758}.Debug|Any CPU.ActiveCfg = Debug|Any CPU
		{4E761DEF-326D-4453-8D71-9F015D06A758}.Debug|Any CPU.Build.0 = Debug|Any CPU
		{4E761DEF-326D-4453-8D71-9F015D06A758}.Release|Any CPU.ActiveCfg = Release|Any CPU
		{4E761DEF-326D-4453-8D71-9F015D06A758}.Release|Any CPU.Build.0 = Release|Any CPU
	EndGlobalSection
	GlobalSection(SolutionProperties) = preSolution
		HideSolutionNode = FALSE
	EndGlobalSection
	GlobalSection(ExtensibilityGlobals) = postSolution
		SolutionGuid = {B22A963A-D6AA-484D-898B-63865B0F5FFF}
	EndGlobalSection
EndGlobal
