
Microsoft Visual Studio Solution File, Format Version 12.00
# Visual Studio Version 16
VisualStudioVersion = 16.0.32002.261
MinimumVisualStudioVersion = 10.0.40219.1
Project("{FAE04EC0-301F-11D3-BF4B-00C04F79EFBC}") = "AnotherTriangle", "AnotherTriangle\AnotherTriangle.csproj", "{8468374C-5F12-4294-B489-D0AAB798E812}"
EndProject
Global
	GlobalSection(SolutionConfigurationPlatforms) = preSolution
		Debug|Any CPU = Debug|Any CPU
		Release|Any CPU = Release|Any CPU
	EndGlobalSection
	GlobalSection(ProjectConfigurationPlatforms) = postSolution
		{8468374C-5F12-4294-B489-D0AAB798E812}.Debug|Any CPU.ActiveCfg = Debug|Any CPU
		{8468374C-5F12-4294-B489-D0AAB798E812}.Debug|Any CPU.Build.0 = Debug|Any CPU
		{8468374C-5F12-4294-B489-D0AAB798E812}.Release|Any CPU.ActiveCfg = Release|Any CPU
		{8468374C-5F12-4294-B489-D0AAB798E812}.Release|Any CPU.Build.0 = Release|Any CPU
	EndGlobalSection
	GlobalSection(SolutionProperties) = preSolution
		HideSolutionNode = FALSE
	EndGlobalSection
	GlobalSection(ExtensibilityGlobals) = postSolution
		SolutionGuid = {472FB22A-3805-4697-8235-76EFAA8A028C}
	EndGlobalSection
EndGlobal
