
Microsoft Visual Studio Solution File, Format Version 12.00
# Visual Studio Version 16
VisualStudioVersion = 16.0.32002.261
MinimumVisualStudioVersion = 10.0.40219.1
Project("{FAE04EC0-301F-11D3-BF4B-00C04F79EFBC}") = "Array Processing", "Array Processing\Array Processing.csproj", "{76C93874-D2AB-4015-B8B7-74DD0E828CB7}"
EndProject
Global
	GlobalSection(SolutionConfigurationPlatforms) = preSolution
		Debug|Any CPU = Debug|Any CPU
		Release|Any CPU = Release|Any CPU
	EndGlobalSection
	GlobalSection(ProjectConfigurationPlatforms) = postSolution
		{76C93874-D2AB-4015-B8B7-74DD0E828CB7}.Debug|Any CPU.ActiveCfg = Debug|Any CPU
		{76C93874-D2AB-4015-B8B7-74DD0E828CB7}.Debug|Any CPU.Build.0 = Debug|Any CPU
		{76C93874-D2AB-4015-B8B7-74DD0E828CB7}.Release|Any CPU.ActiveCfg = Release|Any CPU
		{76C93874-D2AB-4015-B8B7-74DD0E828CB7}.Release|Any CPU.Build.0 = Release|Any CPU
	EndGlobalSection
	GlobalSection(SolutionProperties) = preSolution
		HideSolutionNode = FALSE
	EndGlobalSection
	GlobalSection(ExtensibilityGlobals) = postSolution
		SolutionGuid = {2329A046-5CBE-4736-911D-54188CCC44A9}
	EndGlobalSection
EndGlobal
