
Microsoft Visual Studio Solution File, Format Version 12.00
# Visual Studio Version 16
VisualStudioVersion = 16.0.32002.261
MinimumVisualStudioVersion = 10.0.40219.1
Project("{FAE04EC0-301F-11D3-BF4B-00C04F79EFBC}") = "SuperString", "SuperString\SuperString.csproj", "{61BB2320-7519-4399-9147-361537928613}"
EndProject
Global
	GlobalSection(SolutionConfigurationPlatforms) = preSolution
		Debug|Any CPU = Debug|Any CPU
		Release|Any CPU = Release|Any CPU
	EndGlobalSection
	GlobalSection(ProjectConfigurationPlatforms) = postSolution
		{61BB2320-7519-4399-9147-361537928613}.Debug|Any CPU.ActiveCfg = Debug|Any CPU
		{61BB2320-7519-4399-9147-361537928613}.Debug|Any CPU.Build.0 = Debug|Any CPU
		{61BB2320-7519-4399-9147-361537928613}.Release|Any CPU.ActiveCfg = Release|Any CPU
		{61BB2320-7519-4399-9147-361537928613}.Release|Any CPU.Build.0 = Release|Any CPU
	EndGlobalSection
	GlobalSection(SolutionProperties) = preSolution
		HideSolutionNode = FALSE
	EndGlobalSection
	GlobalSection(ExtensibilityGlobals) = postSolution
		SolutionGuid = {F1136F4D-4445-4897-AB95-FD875BBC13AA}
	EndGlobalSection
EndGlobal
