
Microsoft Visual Studio Solution File, Format Version 12.00
# Visual Studio Version 16
VisualStudioVersion = 16.0.32002.261
MinimumVisualStudioVersion = 10.0.40219.1
Project("{FAE04EC0-301F-11D3-BF4B-00C04F79EFBC}") = "CustomString", "CustomString\CustomString.csproj", "{D6716880-7E68-491D-9ABF-AD8EDDD6B282}"
EndProject
Global
	GlobalSection(SolutionConfigurationPlatforms) = preSolution
		Debug|Any CPU = Debug|Any CPU
		Release|Any CPU = Release|Any CPU
	EndGlobalSection
	GlobalSection(ProjectConfigurationPlatforms) = postSolution
		{D6716880-7E68-491D-9ABF-AD8EDDD6B282}.Debug|Any CPU.ActiveCfg = Debug|Any CPU
		{D6716880-7E68-491D-9ABF-AD8EDDD6B282}.Debug|Any CPU.Build.0 = Debug|Any CPU
		{D6716880-7E68-491D-9ABF-AD8EDDD6B282}.Release|Any CPU.ActiveCfg = Release|Any CPU
		{D6716880-7E68-491D-9ABF-AD8EDDD6B282}.Release|Any CPU.Build.0 = Release|Any CPU
	EndGlobalSection
	GlobalSection(SolutionProperties) = preSolution
		HideSolutionNode = FALSE
	EndGlobalSection
	GlobalSection(ExtensibilityGlobals) = postSolution
		SolutionGuid = {DB81E106-F86A-4596-8B4D-C993DE847E17}
	EndGlobalSection
EndGlobal
