
Microsoft Visual Studio Solution File, Format Version 12.00
# Visual Studio Version 16
VisualStudioVersion = 16.0.32002.261
MinimumVisualStudioVersion = 10.0.40219.1
Project("{FAE04EC0-301F-11D3-BF4B-00C04F79EFBC}") = "Non Negative Sum", "Non Negative Sum\Non Negative Sum.csproj", "{81B88A9C-BA5B-4BDE-8D8D-59827534F30F}"
EndProject
Global
	GlobalSection(SolutionConfigurationPlatforms) = preSolution
		Debug|Any CPU = Debug|Any CPU
		Release|Any CPU = Release|Any CPU
	EndGlobalSection
	GlobalSection(ProjectConfigurationPlatforms) = postSolution
		{81B88A9C-BA5B-4BDE-8D8D-59827534F30F}.Debug|Any CPU.ActiveCfg = Debug|Any CPU
		{81B88A9C-BA5B-4BDE-8D8D-59827534F30F}.Debug|Any CPU.Build.0 = Debug|Any CPU
		{81B88A9C-BA5B-4BDE-8D8D-59827534F30F}.Release|Any CPU.ActiveCfg = Release|Any CPU
		{81B88A9C-BA5B-4BDE-8D8D-59827534F30F}.Release|Any CPU.Build.0 = Release|Any CPU
	EndGlobalSection
	GlobalSection(SolutionProperties) = preSolution
		HideSolutionNode = FALSE
	EndGlobalSection
	GlobalSection(ExtensibilityGlobals) = postSolution
		SolutionGuid = {CFEC0C6A-9593-4897-B96E-2B0F653D3147}
	EndGlobalSection
EndGlobal
